
Microsoft Visual Studio Solution File, Format Version 12.00
# Visual Studio Version 16
VisualStudioVersion = 16.0.29613.14
MinimumVisualStudioVersion = 10.0.40219.1
Project("{9A19103F-16F7-4668-BE54-9A1E7A4F7556}") = "ShortLinkAppV2.0", "ShortLinkAppV2.0.csproj", "{4B0D3040-AD37-4832-A14A-1C3A3BADF96A}"
EndProject
Global
	GlobalSection(SolutionConfigurationPlatforms) = preSolution
		Debug|Any CPU = Debug|Any CPU
		Release|Any CPU = Release|Any CPU
	EndGlobalSection
	GlobalSection(ProjectConfigurationPlatforms) = postSolution
		{4B0D3040-AD37-4832-A14A-1C3A3BADF96A}.Debug|Any CPU.ActiveCfg = Debug|Any CPU
		{4B0D3040-AD37-4832-A14A-1C3A3BADF96A}.Debug|Any CPU.Build.0 = Debug|Any CPU
		{4B0D3040-AD37-4832-A14A-1C3A3BADF96A}.Release|Any CPU.ActiveCfg = Release|Any CPU
		{4B0D3040-AD37-4832-A14A-1C3A3BADF96A}.Release|Any CPU.Build.0 = Release|Any CPU
	EndGlobalSection
	GlobalSection(SolutionProperties) = preSolution
		HideSolutionNode = FALSE
	EndGlobalSection
	GlobalSection(ExtensibilityGlobals) = postSolution
		SolutionGuid = {CEF69EE2-16C6-4D88-AB32-0E4FD5A161CC}
	EndGlobalSection
EndGlobal
